{
  "name": "braid-shelf",
  "version": "0.0.1",
  "lockfileVersion": 3,
  "requires": true,
  "packages": {
    "": {
      "name": "braid-shelf",
      "version": "0.0.1",
      "dependencies": {
        "braid-http": "^1.3.11",
        "shelf-merge": "^0.2.2"
      }
    },
    "node_modules/abort-controller": {
      "version": "3.0.0",
      "resolved": "https://registry.npmjs.org/abort-controller/-/abort-controller-3.0.0.tgz",
      "integrity": "sha512-h8lQ8tacZYnR3vNQTgibj+tODHI5/+l06Au2Pcriv/Gmet0eaj4TwWH41sO9wnHDiQsEj19q0drzdWdeAHtweg==",
      "license": "MIT",
      "dependencies": {
        "event-target-shim": "^5.0.0"
      },
      "engines": {
        "node": ">=6.5"
      }
    },
    "node_modules/braid-http": {
      "version": "1.3.11",
      "resolved": "https://registry.npmjs.org/braid-http/-/braid-http-1.3.11.tgz",
      "integrity": "sha512-PAArekiBxLaCQvRzSBmYS9hm9AA2dPFJmE/yO4BxR85+A0PVYEPLvE5FfLpFt/EKaWT2lLy4o1y6w06pd/jTQQ==",
      "dependencies": {
        "abort-controller": "^3.0.0",
        "node-fetch": "^2.6.1",
        "parse-headers": "^2.0.3",
        "web-streams-node": "^0.4.0"
      }
    },
    "node_modules/event-target-shim": {
      "version": "5.0.1",
      "resolved": "https://registry.npmjs.org/event-target-shim/-/event-target-shim-5.0.1.tgz",
      "integrity": "sha512-i/2XbnSz/uxRCU6+NdVJgKWDTM427+MqYbkQzD321DuCQJUqOuJKIA0IM2+W2xtYHdKOmZ4dR6fExsd4SXL+WQ==",
      "license": "MIT",
      "engines": {
        "node": ">=6"
      }
    },
    "node_modules/is-stream": {
      "version": "1.1.0",
      "resolved": "https://registry.npmjs.org/is-stream/-/is-stream-1.1.0.tgz",
      "integrity": "sha512-uQPm8kcs47jx38atAcWTVxyltQYoPT68y9aWYdV6yWXSyW8mzSat0TL6CiWdZeCdF3KrAvpVtnHbTv4RN+rqdQ==",
      "license": "MIT",
      "engines": {
        "node": ">=0.10.0"
      }
    },
    "node_modules/node-fetch": {
      "version": "2.7.0",
      "resolved": "https://registry.npmjs.org/node-fetch/-/node-fetch-2.7.0.tgz",
      "integrity": "sha512-c4FRfUm/dbcWZ7U+1Wq0AwCyFL+3nt2bEw05wfxSz+DWpWsitgmSgYmy2dQdWyKC1694ELPqMs/YzUSNozLt8A==",
      "license": "MIT",
      "dependencies": {
        "whatwg-url": "^5.0.0"
      },
      "engines": {
        "node": "4.x || >=6.0.0"
      },
      "peerDependencies": {
        "encoding": "^0.1.0"
      },
      "peerDependenciesMeta": {
        "encoding": {
          "optional": true
        }
      }
    },
    "node_modules/parse-headers": {
      "version": "2.0.5",
      "resolved": "https://registry.npmjs.org/parse-headers/-/parse-headers-2.0.5.tgz",
      "integrity": "sha512-ft3iAoLOB/MlwbNXgzy43SWGP6sQki2jQvAyBg/zDFAgr9bfNWZIUj42Kw2eJIl8kEi4PbgE6U1Zau/HwI75HA==",
      "license": "MIT"
    },
    "node_modules/readable-stream-node-to-web": {
      "version": "1.0.1",
      "resolved": "https://registry.npmjs.org/readable-stream-node-to-web/-/readable-stream-node-to-web-1.0.1.tgz",
      "integrity": "sha512-OGzi2VKLa8H259kAx7BIwuRrXHGcxeHj4RdASSgEGBP9Q2wowdPvBc65upF4Q9O05qWgKqBw1+9PiLTtObl7uQ==",
      "license": "MIT"
    },
    "node_modules/shelf-merge": {
      "version": "0.2.2",
      "resolved": "https://registry.npmjs.org/shelf-merge/-/shelf-merge-0.2.2.tgz",
      "integrity": "sha512-M8/vWoF28Ur+GF2bNV6kibF7khrtWB+SxuYmVKAOZgxN1dDylZCAccQg6JqJBb3DfUF7zV0jh/EY78BnVJtUdw==",
      "license": "MIT"
    },
    "node_modules/tr46": {
      "version": "0.0.3",
      "resolved": "https://registry.npmjs.org/tr46/-/tr46-0.0.3.tgz",
      "integrity": "sha512-N3WMsuqV66lT30CrXNbEjx4GEwlow3v6rr4mCcv6prnfwhS01rkgyFdjPNBYd9br7LpXV1+Emh01fHnq2Gdgrw==",
      "license": "MIT"
    },
    "node_modules/web-streams-node": {
      "version": "0.4.0",
      "resolved": "https://registry.npmjs.org/web-streams-node/-/web-streams-node-0.4.0.tgz",
      "integrity": "sha512-u+PBQs8DFaBrN/bxCLFn21tO/ZP7EM3qA4FGzppoUCcZ5CaMbKOsN8uOp27ylVEsfrxcR2tsF6gWHI5M8bN73w==",
      "license": "Apache-2.0",
      "dependencies": {
        "is-stream": "^1.1.0",
        "readable-stream-node-to-web": "^1.0.1",
        "web-streams-ponyfill": "^1.4.1"
      }
    },
    "node_modules/web-streams-ponyfill": {
      "version": "1.4.2",
      "resolved": "https://registry.npmjs.org/web-streams-ponyfill/-/web-streams-ponyfill-1.4.2.tgz",
      "integrity": "sha512-LCHW+fE2UBJ2vjhqJujqmoxh1ytEDEr0dPO3CabMdMDJPKmsaxzS90V1Ar6LtNE5VHLqxR4YMEj1i4lzMAccIA==",
      "license": "MIT"
    },
    "node_modules/webidl-conversions": {
      "version": "3.0.1",
      "resolved": "https://registry.npmjs.org/webidl-conversions/-/webidl-conversions-3.0.1.tgz",
      "integrity": "sha512-2JAn3z8AR6rjK8Sm8orRC0h/bcl/DqL7tRPdGZ4I1CjdF+EaMLmYxBHyXuKL849eucPFhvBoxMsflfOb8kxaeQ==",
      "license": "BSD-2-Clause"
    },
    "node_modules/whatwg-url": {
      "version": "5.0.0",
      "resolved": "https://registry.npmjs.org/whatwg-url/-/whatwg-url-5.0.0.tgz",
      "integrity": "sha512-saE57nupxk6v3HY35+jzBwYa0rKSy0XR8JSxZPwgLr7ys0IBzhGviA1/TUGJLmSVqs8pb9AnvICXEuOHLprYTw==",
      "license": "MIT",
      "dependencies": {
        "tr46": "~0.0.3",
        "webidl-conversions": "^3.0.0"
      }
    }
  }
}
